
Microsoft Visual Studio Solution File, Format Version 12.00
# Visual Studio Version 16
VisualStudioVersion = 16.0.31702.278
MinimumVisualStudioVersion = 10.0.40219.1
Project("{FAE04EC0-301F-11D3-BF4B-00C04F79EFBC}") = "LojaConviteria", "LojaConviteria\LojaConviteria.csproj", "{F12E06E1-EEBD-4022-8044-098D4D1DC558}"
EndProject
Global
	GlobalSection(SolutionConfigurationPlatforms) = preSolution
		Debug|Any CPU = Debug|Any CPU
		Release|Any CPU = Release|Any CPU
	EndGlobalSection
	GlobalSection(ProjectConfigurationPlatforms) = postSolution
		{F12E06E1-EEBD-4022-8044-098D4D1DC558}.Debug|Any CPU.ActiveCfg = Debug|Any CPU
		{F12E06E1-EEBD-4022-8044-098D4D1DC558}.Debug|Any CPU.Build.0 = Debug|Any CPU
		{F12E06E1-EEBD-4022-8044-098D4D1DC558}.Release|Any CPU.ActiveCfg = Release|Any CPU
		{F12E06E1-EEBD-4022-8044-098D4D1DC558}.Release|Any CPU.Build.0 = Release|Any CPU
	EndGlobalSection
	GlobalSection(SolutionProperties) = preSolution
		HideSolutionNode = FALSE
	EndGlobalSection
	GlobalSection(ExtensibilityGlobals) = postSolution
		SolutionGuid = {4EDECD94-8B12-42BF-8800-EDB2B1310FE9}
	EndGlobalSection
EndGlobal
